
Microsoft Visual Studio Solution File, Format Version 12.00
# Visual Studio Version 16
VisualStudioVersion = 16.0.29009.5
MinimumVisualStudioVersion = 10.0.40219.1
Project("{9A19103F-16F7-4668-BE54-9A1E7A4F7556}") = "morze_lib", "morze_lib\morze_lib.csproj", "{90951FA0-6B0E-454C-A892-418EE00FA329}"
EndProject
Project("{FAE04EC0-301F-11D3-BF4B-00C04F79EFBC}") = "morze", "morze\morze.csproj", "{8AFE6D48-4E99-427E-B4B4-10614D8B4CA9}"
EndProject
Global
	GlobalSection(SolutionConfigurationPlatforms) = preSolution
		Debug|Any CPU = Debug|Any CPU
		Release|Any CPU = Release|Any CPU
	EndGlobalSection
	GlobalSection(ProjectConfigurationPlatforms) = postSolution
		{90951FA0-6B0E-454C-A892-418EE00FA329}.Debug|Any CPU.ActiveCfg = Debug|Any CPU
		{90951FA0-6B0E-454C-A892-418EE00FA329}.Debug|Any CPU.Build.0 = Debug|Any CPU
		{90951FA0-6B0E-454C-A892-418EE00FA329}.Release|Any CPU.ActiveCfg = Release|Any CPU
		{90951FA0-6B0E-454C-A892-418EE00FA329}.Release|Any CPU.Build.0 = Release|Any CPU
		{8AFE6D48-4E99-427E-B4B4-10614D8B4CA9}.Debug|Any CPU.ActiveCfg = Debug|Any CPU
		{8AFE6D48-4E99-427E-B4B4-10614D8B4CA9}.Debug|Any CPU.Build.0 = Debug|Any CPU
		{8AFE6D48-4E99-427E-B4B4-10614D8B4CA9}.Release|Any CPU.ActiveCfg = Release|Any CPU
		{8AFE6D48-4E99-427E-B4B4-10614D8B4CA9}.Release|Any CPU.Build.0 = Release|Any CPU
	EndGlobalSection
	GlobalSection(SolutionProperties) = preSolution
		HideSolutionNode = FALSE
	EndGlobalSection
	GlobalSection(ExtensibilityGlobals) = postSolution
		SolutionGuid = {9A3F6C9B-FF88-4970-9E79-C79EF90D114B}
	EndGlobalSection
EndGlobal
